
Microsoft Visual Studio Solution File, Format Version 12.00
# Visual Studio 14
VisualStudioVersion = 14.0.25420.1
MinimumVisualStudioVersion = 10.0.40219.1
Project("{FAE04EC0-301F-11D3-BF4B-00C04F79EFBC}") = "USB_Firewall_v1", "USB_Firewall_v1\USB_Firewall_v1.csproj", "{F1505C0F-37E0-4497-9047-E6253FCBBCF4}"
EndProject
Global
	GlobalSection(SolutionConfigurationPlatforms) = preSolution
		Debug|Any CPU = Debug|Any CPU
		Release|Any CPU = Release|Any CPU
	EndGlobalSection
	GlobalSection(ProjectConfigurationPlatforms) = postSolution
		{F1505C0F-37E0-4497-9047-E6253FCBBCF4}.Debug|Any CPU.ActiveCfg = Debug|Any CPU
		{F1505C0F-37E0-4497-9047-E6253FCBBCF4}.Debug|Any CPU.Build.0 = Debug|Any CPU
		{F1505C0F-37E0-4497-9047-E6253FCBBCF4}.Release|Any CPU.ActiveCfg = Release|Any CPU
		{F1505C0F-37E0-4497-9047-E6253FCBBCF4}.Release|Any CPU.Build.0 = Release|Any CPU
	EndGlobalSection
	GlobalSection(SolutionProperties) = preSolution
		HideSolutionNode = FALSE
	EndGlobalSection
EndGlobal
